
Microsoft Visual Studio Solution File, Format Version 12.00
# Visual Studio Version 17
VisualStudioVersion = 17.11.35312.102
MinimumVisualStudioVersion = 10.0.40219.1
Project("{FAE04EC0-301F-11D3-BF4B-00C04F79EFBC}") = "jogodogalo", "jogodogalo.csproj", "{713BA4EE-377E-4926-BF8F-1822F8FB86CB}"
EndProject
Global
	GlobalSection(SolutionConfigurationPlatforms) = preSolution
		Debug|Any CPU = Debug|Any CPU
		Release|Any CPU = Release|Any CPU
	EndGlobalSection
	GlobalSection(ProjectConfigurationPlatforms) = postSolution
		{713BA4EE-377E-4926-BF8F-1822F8FB86CB}.Debug|Any CPU.ActiveCfg = Debug|Any CPU
		{713BA4EE-377E-4926-BF8F-1822F8FB86CB}.Debug|Any CPU.Build.0 = Debug|Any CPU
		{713BA4EE-377E-4926-BF8F-1822F8FB86CB}.Release|Any CPU.ActiveCfg = Release|Any CPU
		{713BA4EE-377E-4926-BF8F-1822F8FB86CB}.Release|Any CPU.Build.0 = Release|Any CPU
	EndGlobalSection
	GlobalSection(SolutionProperties) = preSolution
		HideSolutionNode = FALSE
	EndGlobalSection
	GlobalSection(ExtensibilityGlobals) = postSolution
		SolutionGuid = {D7940A10-486F-43D0-8308-FC5827754416}
	EndGlobalSection
EndGlobal
